// !$*UTF8*$!
{
	archiveVersion = 1;
	classes = {
	};
	objectVersion = 55;
	objects = {

/* Begin PBXBuildFile section */
		192C244527D7B275001FECA4 /* ContenView.swift in Sources */ = {isa = PBXBuildFile; fileRef = 192C244427D7B275001FECA4 /* ContenView.swift */; };
		192C244627D7B275001FECA4 /* MathGameApp.swift in Sources */ = {isa = PBXBuildFile; fileRef = 192C244227D7B275001FECA4 /* MathGameApp.swift */; };
		192C244727D7B275001FECA4 /* AnswerButton.swift in Sources */ = {isa = PBXBuildFile; fileRef = 192C244327D7B275001FECA4 /* AnswerButton.swift */; };
		192C244E27D8EC4B001FECA4 /* AppUtils.swift in Sources */ = {isa = PBXBuildFile; fileRef = 192C244927D8EC4A001FECA4 /* AppUtils.swift */; };
		192C244F27D8EC4B001FECA4 /* DateExtension.swift in Sources */ = {isa = PBXBuildFile; fileRef = 192C244A27D8EC4A001FECA4 /* DateExtension.swift */; };
		192C245027D8EC4B001FECA4 /* SceneDelegate.swift in Sources */ = {isa = PBXBuildFile; fileRef = 192C244B27D8EC4A001FECA4 /* SceneDelegate.swift */; };
		192C245127D8EC4B001FECA4 /* AppDelegate.swift in Sources */ = {isa = PBXBuildFile; fileRef = 192C244C27D8EC4A001FECA4 /* AppDelegate.swift */; };
		192C245227D8EC4B001FECA4 /* ConteView.swift in Sources */ = {isa = PBXBuildFile; fileRef = 192C244D27D8EC4B001FECA4 /* ConteView.swift */; };
		1986407127DA0B5F005DE553 /* HomeView.swift in Sources */ = {isa = PBXBuildFile; fileRef = 1986407027DA0B5E005DE553 /* HomeView.swift */; };
		1986407D27DA32E4005DE553 /* GoogleService-Info.plist in Resources */ = {isa = PBXBuildFile; fileRef = 1986407C27DA32E4005DE553 /* GoogleService-Info.plist */; };
		19C1A84527D7612800EF40B3 /* Play with Friend.swift in Sources */ = {isa = PBXBuildFile; fileRef = 19C1A84427D7612800EF40B3 /* Play with Friend.swift */; };
		19C1A86327D76E0100EF40B3 /* PlayWithFriendViewModel.swift in Sources */ = {isa = PBXBuildFile; fileRef = 19C1A86227D76E0100EF40B3 /* PlayWithFriendViewModel.swift */; };
		4952C31C27A30049007A4A0A /* GameApp.swift in Sources */ = {isa = PBXBuildFile; fileRef = 4952C31B27A30049007A4A0A /* GameApp.swift */; };
		4952C31E27A30049007A4A0A /* ContentView.swift in Sources */ = {isa = PBXBuildFile; fileRef = 4952C31D27A30049007A4A0A /* ContentView.swift */; };
		4952C32027A3004A007A4A0A /* Assets.xcassets in Resources */ = {isa = PBXBuildFile; fileRef = 4952C31F27A3004A007A4A0A /* Assets.xcassets */; };
		4952C32327A3004A007A4A0A /* Preview Assets.xcassets in Resources */ = {isa = PBXBuildFile; fileRef = 4952C32227A3004A007A4A0A /* Preview Assets.xcassets */; };
		495310A927B4603200280C87 /* AlertItem.swift in Sources */ = {isa = PBXBuildFile; fileRef = 495310A827B4603200280C87 /* AlertItem.swift */; };
		495310AB27B46D6D00280C87 /* Notification.swift in Sources */ = {isa = PBXBuildFile; fileRef = 495310AA27B46D6D00280C87 /* Notification.swift */; };
		49CF5EBA27B5A49E0086F698 /* UserViewModel.swift in Sources */ = {isa = PBXBuildFile; fileRef = 49CF5EB927B5A49E0086F698 /* UserViewModel.swift */; };
		49DA90F627B6D346006BF558 /* FriendsList.swift in Sources */ = {isa = PBXBuildFile; fileRef = 49DA90F527B6D346006BF558 /* FriendsList.swift */; };
		49DA90F827B6EBE7006BF558 /* Launch.storyboard in Resources */ = {isa = PBXBuildFile; fileRef = 49DA90F727B6EBE7006BF558 /* Launch.storyboard */; };
		49DCC28727AEE38300BAE607 /* TypeOfGameOptionView.swift in Sources */ = {isa = PBXBuildFile; fileRef = 49DCC28627AEE38300BAE607 /* TypeOfGameOptionView.swift */; };
		49DCC28B27AFC0E800BAE607 /* PlayWithComputer.swift in Sources */ = {isa = PBXBuildFile; fileRef = 49DCC28A27AFC0E800BAE607 /* PlayWithComputer.swift */; };
		49DCC28D27AFC11200BAE607 /* PlayWithRandomUser.swift in Sources */ = {isa = PBXBuildFile; fileRef = 49DCC28C27AFC11200BAE607 /* PlayWithRandomUser.swift */; };
		49DCC29127AFC5AB00BAE607 /* TicTackToeWithComputer.swift in Sources */ = {isa = PBXBuildFile; fileRef = 49DCC29027AFC5AB00BAE607 /* TicTackToeWithComputer.swift */; };
		49DCC29327AFDB7600BAE607 /* MultiPlayerViewModel.swift in Sources */ = {isa = PBXBuildFile; fileRef = 49DCC29227AFDB7600BAE607 /* MultiPlayerViewModel.swift */; };
		49DF2EA827A6C7DA009A9EBA /* SignupModelView.swift in Sources */ = {isa = PBXBuildFile; fileRef = 49DF2EA727A6C7DA009A9EBA /* SignupModelView.swift */; };
		49DF2EAB27A6C891009A9EBA /* SignUpView.swift in Sources */ = {isa = PBXBuildFile; fileRef = 49DF2EAA27A6C891009A9EBA /* SignUpView.swift */; };
		49DF2EAF27A6C96C009A9EBA /* SignInView.swift in Sources */ = {isa = PBXBuildFile; fileRef = 49DF2EAE27A6C96C009A9EBA /* SignInView.swift */; };
		49DF2EB127A6CB41009A9EBA /* HomeVie.swift in Sources */ = {isa = PBXBuildFile; fileRef = 49DF2EB027A6CB41009A9EBA /* HomeVie.swift */; };
		49DF2EB327A6CE14009A9EBA /* UsersListView.swift in Sources */ = {isa = PBXBuildFile; fileRef = 49DF2EB227A6CE14009A9EBA /* UsersListView.swift */; };
		49DF2EB527A6CE2E009A9EBA /* AccountView.swift in Sources */ = {isa = PBXBuildFile; fileRef = 49DF2EB427A6CE2E009A9EBA /* AccountView.swift */; };
		49F0D4A627B2EE2C0034B649 /* Game.swift in Sources */ = {isa = PBXBuildFile; fileRef = 49F0D4A527B2EE2C0034B649 /* Game.swift */; };
		49F0D4A827B30B4A0034B649 /* User.swift in Sources */ = {isa = PBXBuildFile; fileRef = 49F0D4A727B30B4A0034B649 /* User.swift */; };
		49F0D4AB27B313B50034B649 /* FirebaseReference.swift in Sources */ = {isa = PBXBuildFile; fileRef = 49F0D4AA27B313B50034B649 /* FirebaseReference.swift */; };
		49F0D4AD27B314B10034B649 /* FirebaseService.swift in Sources */ = {isa = PBXBuildFile; fileRef = 49F0D4AC27B314B10034B649 /* FirebaseService.swift */; };
		C425934FEC8D5FD9E7926604 /* Pods_Game.framework in Frameworks */ = {isa = PBXBuildFile; fileRef = B97E22981888CC0E930BC6DD /* Pods_Game.framework */; };
/* End PBXBuildFile section */

/* Begin PBXFileReference section */
		192C244227D7B275001FECA4 /* MathGameApp.swift */ = {isa = PBXFileReference; lastKnownFileType = sourcecode.swift; path = MathGameApp.swift; sourceTree = "<group>"; };
		192C244327D7B275001FECA4 /* AnswerButton.swift */ = {isa = PBXFileReference; lastKnownFileType = sourcecode.swift; path = AnswerButton.swift; sourceTree = "<group>"; };
		192C244427D7B275001FECA4 /* ContenView.swift */ = {isa = PBXFileReference; lastKnownFileType = sourcecode.swift; path = ContenView.swift; sourceTree = "<group>"; };
		192C244927D8EC4A001FECA4 /* AppUtils.swift */ = {isa = PBXFileReference; fileEncoding = 4; lastKnownFileType = sourcecode.swift; path = AppUtils.swift; sourceTree = "<group>"; };
		192C244A27D8EC4A001FECA4 /* DateExtension.swift */ = {isa = PBXFileReference; fileEncoding = 4; lastKnownFileType = sourcecode.swift; path = DateExtension.swift; sourceTree = "<group>"; };
		192C244B27D8EC4A001FECA4 /* SceneDelegate.swift */ = {isa = PBXFileReference; fileEncoding = 4; lastKnownFileType = sourcecode.swift; path = SceneDelegate.swift; sourceTree = "<group>"; };
		192C244C27D8EC4A001FECA4 /* AppDelegate.swift */ = {isa = PBXFileReference; fileEncoding = 4; lastKnownFileType = sourcecode.swift; path = AppDelegate.swift; sourceTree = "<group>"; };
		192C244D27D8EC4B001FECA4 /* ConteView.swift */ = {isa = PBXFileReference; fileEncoding = 4; lastKnownFileType = sourcecode.swift; path = ConteView.swift; sourceTree = "<group>"; };
		1986407027DA0B5E005DE553 /* HomeView.swift */ = {isa = PBXFileReference; lastKnownFileType = sourcecode.swift; path = HomeView.swift; sourceTree = "<group>"; };
		1986407C27DA32E4005DE553 /* GoogleService-Info.plist */ = {isa = PBXFileReference; fileEncoding = 4; lastKnownFileType = text.plist.xml; path = "GoogleService-Info.plist"; sourceTree = "<group>"; };
		19C1A84427D7612800EF40B3 /* Play with Friend.swift */ = {isa = PBXFileReference; lastKnownFileType = sourcecode.swift; path = "Play with Friend.swift"; sourceTree = "<group>"; };
		19C1A86227D76E0100EF40B3 /* PlayWithFriendViewModel.swift */ = {isa = PBXFileReference; lastKnownFileType = sourcecode.swift; path = PlayWithFriendViewModel.swift; sourceTree = "<group>"; };
		4952C31827A30049007A4A0A /* Game.app */ = {isa = PBXFileReference; explicitFileType = wrapper.application; includeInIndex = 0; path = Game.app; sourceTree = BUILT_PRODUCTS_DIR; };
		4952C31B27A30049007A4A0A /* GameApp.swift */ = {isa = PBXFileReference; lastKnownFileType = sourcecode.swift; path = GameApp.swift; sourceTree = "<group>"; };
		4952C31D27A30049007A4A0A /* ContentView.swift */ = {isa = PBXFileReference; lastKnownFileType = sourcecode.swift; path = ContentView.swift; sourceTree = "<group>"; };
		4952C31F27A3004A007A4A0A /* Assets.xcassets */ = {isa = PBXFileReference; lastKnownFileType = folder.assetcatalog; path = Assets.xcassets; sourceTree = "<group>"; };
		4952C32227A3004A007A4A0A /* Preview Assets.xcassets */ = {isa = PBXFileReference; lastKnownFileType = folder.assetcatalog; path = "Preview Assets.xcassets"; sourceTree = "<group>"; };
		495310A827B4603200280C87 /* AlertItem.swift */ = {isa = PBXFileReference; lastKnownFileType = sourcecode.swift; path = AlertItem.swift; sourceTree = "<group>"; };
		495310AA27B46D6D00280C87 /* Notification.swift */ = {isa = PBXFileReference; lastKnownFileType = sourcecode.swift; path = Notification.swift; sourceTree = "<group>"; };
		49CF5EB927B5A49E0086F698 /* UserViewModel.swift */ = {isa = PBXFileReference; lastKnownFileType = sourcecode.swift; path = UserViewModel.swift; sourceTree = "<group>"; };
		49DA90F527B6D346006BF558 /* FriendsList.swift */ = {isa = PBXFileReference; lastKnownFileType = sourcecode.swift; path = FriendsList.swift; sourceTree = "<group>"; };
		49DA90F727B6EBE7006BF558 /* Launch.storyboard */ = {isa = PBXFileReference; lastKnownFileType = file.storyboard; path = Launch.storyboard; sourceTree = "<group>"; };
		49DCC28627AEE38300BAE607 /* TypeOfGameOptionView.swift */ = {isa = PBXFileReference; lastKnownFileType = sourcecode.swift; path = TypeOfGameOptionView.swift; sourceTree = "<group>"; };
		49DCC28A27AFC0E800BAE607 /* PlayWithComputer.swift */ = {isa = PBXFileReference; lastKnownFileType = sourcecode.swift; path = PlayWithComputer.swift; sourceTree = "<group>"; };
		49DCC28C27AFC11200BAE607 /* PlayWithRandomUser.swift */ = {isa = PBXFileReference; lastKnownFileType = sourcecode.swift; path = PlayWithRandomUser.swift; sourceTree = "<group>"; };
		49DCC29027AFC5AB00BAE607 /* TicTackToeWithComputer.swift */ = {isa = PBXFileReference; lastKnownFileType = sourcecode.swift; path = TicTackToeWithComputer.swift; sourceTree = "<group>"; };
		49DCC29227AFDB7600BAE607 /* MultiPlayerViewModel.swift */ = {isa = PBXFileReference; lastKnownFileType = sourcecode.swift; path = MultiPlayerViewModel.swift; sourceTree = "<group>"; };
		49DF2EA727A6C7DA009A9EBA /* SignupModelView.swift */ = {isa = PBXFileReference; lastKnownFileType = sourcecode.swift; path = SignupModelView.swift; sourceTree = "<group>"; };
		49DF2EAA27A6C891009A9EBA /* SignUpView.swift */ = {isa = PBXFileReference; lastKnownFileType = sourcecode.swift; path = SignUpView.swift; sourceTree = "<group>"; };
		49DF2EAE27A6C96C009A9EBA /* SignInView.swift */ = {isa = PBXFileReference; lastKnownFileType = sourcecode.swift; path = SignInView.swift; sourceTree = "<group>"; };
		49DF2EB027A6CB41009A9EBA /* HomeVie.swift */ = {isa = PBXFileReference; lastKnownFileType = sourcecode.swift; path = HomeVie.swift; sourceTree = "<group>"; };
		49DF2EB227A6CE14009A9EBA /* UsersListView.swift */ = {isa = PBXFileReference; lastKnownFileType = sourcecode.swift; path = UsersListView.swift; sourceTree = "<group>"; };
		49DF2EB427A6CE2E009A9EBA /* AccountView.swift */ = {isa = PBXFileReference; lastKnownFileType = sourcecode.swift; path = AccountView.swift; sourceTree = "<group>"; };
		49F0D4A527B2EE2C0034B649 /* Game.swift */ = {isa = PBXFileReference; lastKnownFileType = sourcecode.swift; path = Game.swift; sourceTree = "<group>"; };
		49F0D4A727B30B4A0034B649 /* User.swift */ = {isa = PBXFileReference; lastKnownFileType = sourcecode.swift; path = User.swift; sourceTree = "<group>"; };
		49F0D4AA27B313B50034B649 /* FirebaseReference.swift */ = {isa = PBXFileReference; lastKnownFileType = sourcecode.swift; path = FirebaseReference.swift; sourceTree = "<group>"; };
		49F0D4AC27B314B10034B649 /* FirebaseService.swift */ = {isa = PBXFileReference; lastKnownFileType = sourcecode.swift; path = FirebaseService.swift; sourceTree = "<group>"; };
		6ED2B3373E063E10F25540EA /* Pods-Game.debug.xcconfig */ = {isa = PBXFileReference; includeInIndex = 1; lastKnownFileType = text.xcconfig; name = "Pods-Game.debug.xcconfig"; path = "Target Support Files/Pods-Game/Pods-Game.debug.xcconfig"; sourceTree = "<group>"; };
		B97E22981888CC0E930BC6DD /* Pods_Game.framework */ = {isa = PBXFileReference; explicitFileType = wrapper.framework; includeInIndex = 0; path = Pods_Game.framework; sourceTree = BUILT_PRODUCTS_DIR; };
		E7F3AE5FE76B1D70889F3650 /* Pods-Game.release.xcconfig */ = {isa = PBXFileReference; includeInIndex = 1; lastKnownFileType = text.xcconfig; name = "Pods-Game.release.xcconfig"; path = "Target Support Files/Pods-Game/Pods-Game.release.xcconfig"; sourceTree = "<group>"; };
/* End PBXFileReference section */

/* Begin PBXFrameworksBuildPhase section */
		4952C31527A30049007A4A0A /* Frameworks */ = {
			isa = PBXFrameworksBuildPhase;
			buildActionMask = 2147483647;
			files = (
				C425934FEC8D5FD9E7926604 /* Pods_Game.framework in Frameworks */,
			);
			runOnlyForDeploymentPostprocessing = 0;
		};
/* End PBXFrameworksBuildPhase section */

/* Begin PBXGroup section */
		098ADFA5D6599320FBD61C51 /* Frameworks */ = {
			isa = PBXGroup;
			children = (
				B97E22981888CC0E930BC6DD /* Pods_Game.framework */,
			);
			name = Frameworks;
			sourceTree = "<group>";
		};
		4952C30F27A30049007A4A0A = {
			isa = PBXGroup;
			children = (
				4952C31A27A30049007A4A0A /* Game */,
				4952C31927A30049007A4A0A /* Products */,
				B2F468C77ABA55377B074D19 /* Pods */,
				098ADFA5D6599320FBD61C51 /* Frameworks */,
			);
			sourceTree = "<group>";
		};
		4952C31927A30049007A4A0A /* Products */ = {
			isa = PBXGroup;
			children = (
				4952C31827A30049007A4A0A /* Game.app */,
			);
			name = Products;
			sourceTree = "<group>";
		};
		4952C31A27A30049007A4A0A /* Game */ = {
			isa = PBXGroup;
			children = (
				49F0D4A927B313910034B649 /* FirebaseHelpers */,
				4952C32927A31CBE007A4A0A /* Models */,
				49DF2EA927A6C81F009A9EBA /* Views */,
				49DF2EA627A6C79A009A9EBA /* ModelViews */,
				4952C31B27A30049007A4A0A /* GameApp.swift */,
				4952C31D27A30049007A4A0A /* ContentView.swift */,
				1986407C27DA32E4005DE553 /* GoogleService-Info.plist */,
				4952C31F27A3004A007A4A0A /* Assets.xcassets */,
				4952C32127A3004A007A4A0A /* Preview Content */,
				49DA90F727B6EBE7006BF558 /* Launch.storyboard */,
			);
			path = Game;
			sourceTree = "<group>";
		};
		4952C32127A3004A007A4A0A /* Preview Content */ = {
			isa = PBXGroup;
			children = (
				4952C32227A3004A007A4A0A /* Preview Assets.xcassets */,
			);
			path = "Preview Content";
			sourceTree = "<group>";
		};
		4952C32927A31CBE007A4A0A /* Models */ = {
			isa = PBXGroup;
			children = (
				49F0D4A527B2EE2C0034B649 /* Game.swift */,
				49F0D4A727B30B4A0034B649 /* User.swift */,
				495310A827B4603200280C87 /* AlertItem.swift */,
				495310AA27B46D6D00280C87 /* Notification.swift */,
			);
			path = Models;
			sourceTree = "<group>";
		};
		49DF2EA627A6C79A009A9EBA /* ModelViews */ = {
			isa = PBXGroup;
			children = (
				19C1A86227D76E0100EF40B3 /* PlayWithFriendViewModel.swift */,
				49DF2EA727A6C7DA009A9EBA /* SignupModelView.swift */,
				49DCC29027AFC5AB00BAE607 /* TicTackToeWithComputer.swift */,
				49DCC29227AFDB7600BAE607 /* MultiPlayerViewModel.swift */,
				49CF5EB927B5A49E0086F698 /* UserViewModel.swift */,
			);
			path = ModelViews;
			sourceTree = "<group>";
		};
		49DF2EA927A6C81F009A9EBA /* Views */ = {
			isa = PBXGroup;
			children = (
				192C244C27D8EC4A001FECA4 /* AppDelegate.swift */,
				192C244927D8EC4A001FECA4 /* AppUtils.swift */,
				192C244D27D8EC4B001FECA4 /* ConteView.swift */,
				192C244A27D8EC4A001FECA4 /* DateExtension.swift */,
				192C244B27D8EC4A001FECA4 /* SceneDelegate.swift */,
				192C244227D7B275001FECA4 /* MathGameApp.swift */,
				192C244327D7B275001FECA4 /* AnswerButton.swift */,
				192C244427D7B275001FECA4 /* ContenView.swift */,
				49DF2EAA27A6C891009A9EBA /* SignUpView.swift */,
				49DF2EAE27A6C96C009A9EBA /* SignInView.swift */,
				49DF2EB027A6CB41009A9EBA /* HomeVie.swift */,
				1986407027DA0B5E005DE553 /* HomeView.swift */,
				49DF2EB227A6CE14009A9EBA /* UsersListView.swift */,
				49DF2EB427A6CE2E009A9EBA /* AccountView.swift */,
				49DCC28627AEE38300BAE607 /* TypeOfGameOptionView.swift */,
				49DCC28A27AFC0E800BAE607 /* PlayWithComputer.swift */,
				49DCC28C27AFC11200BAE607 /* PlayWithRandomUser.swift */,
				49DA90F527B6D346006BF558 /* FriendsList.swift */,
				19C1A84427D7612800EF40B3 /* Play with Friend.swift */,
			);
			path = Views;
			sourceTree = "<group>";
		};
		49F0D4A927B313910034B649 /* FirebaseHelpers */ = {
			isa = PBXGroup;
			children = (
				49F0D4AA27B313B50034B649 /* FirebaseReference.swift */,
				49F0D4AC27B314B10034B649 /* FirebaseService.swift */,
			);
			path = FirebaseHelpers;
			sourceTree = "<group>";
		};
		B2F468C77ABA55377B074D19 /* Pods */ = {
			isa = PBXGroup;
			children = (
				6ED2B3373E063E10F25540EA /* Pods-Game.debug.xcconfig */,
				E7F3AE5FE76B1D70889F3650 /* Pods-Game.release.xcconfig */,
			);
			path = Pods;
			sourceTree = "<group>";
		};
/* End PBXGroup section */

/* Begin PBXNativeTarget section */
		4952C31727A30049007A4A0A /* Game */ = {
			isa = PBXNativeTarget;
			buildConfigurationList = 4952C32627A3004A007A4A0A /* Build configuration list for PBXNativeTarget "Game" */;
			buildPhases = (
				9D4AFC6200EDC46264388C9E /* [CP] Check Pods Manifest.lock */,
				4952C31427A30049007A4A0A /* Sources */,
				4952C31527A30049007A4A0A /* Frameworks */,
				4952C31627A30049007A4A0A /* Resources */,
				FBD563296816068F91AEA809 /* [CP] Embed Pods Frameworks */,
			);
			buildRules = (
			);
			dependencies = (
			);
			name = Game;
			productName = Game;
			productReference = 4952C31827A30049007A4A0A /* Game.app */;
			productType = "com.apple.product-type.application";
		};
/* End PBXNativeTarget section */

/* Begin PBXProject section */
		4952C31027A30049007A4A0A /* Project object */ = {
			isa = PBXProject;
			attributes = {
				BuildIndependentTargetsInParallel = 1;
				LastSwiftUpdateCheck = 1310;
				LastUpgradeCheck = 1310;
				TargetAttributes = {
					4952C31727A30049007A4A0A = {
						CreatedOnToolsVersion = 13.1;
					};
				};
			};
			buildConfigurationList = 4952C31327A30049007A4A0A /* Build configuration list for PBXProject "Game" */;
			compatibilityVersion = "Xcode 13.0";
			developmentRegion = en;
			hasScannedForEncodings = 0;
			knownRegions = (
				en,
				Base,
			);
			mainGroup = 4952C30F27A30049007A4A0A;
			productRefGroup = 4952C31927A30049007A4A0A /* Products */;
			projectDirPath = "";
			projectRoot = "";
			targets = (
				4952C31727A30049007A4A0A /* Game */,
			);
		};
/* End PBXProject section */

/* Begin PBXResourcesBuildPhase section */
		4952C31627A30049007A4A0A /* Resources */ = {
			isa = PBXResourcesBuildPhase;
			buildActionMask = 2147483647;
			files = (
				4952C32327A3004A007A4A0A /* Preview Assets.xcassets in Resources */,
				4952C32027A3004A007A4A0A /* Assets.xcassets in Resources */,
				49DA90F827B6EBE7006BF558 /* Launch.storyboard in Resources */,
				1986407D27DA32E4005DE553 /* GoogleService-Info.plist in Resources */,
			);
			runOnlyForDeploymentPostprocessing = 0;
		};
/* End PBXResourcesBuildPhase section */

/* Begin PBXShellScriptBuildPhase section */
		9D4AFC6200EDC46264388C9E /* [CP] Check Pods Manifest.lock */ = {
			isa = PBXShellScriptBuildPhase;
			buildActionMask = 2147483647;
			files = (
			);
			inputFileListPaths = (
			);
			inputPaths = (
				"${PODS_PODFILE_DIR_PATH}/Podfile.lock",
				"${PODS_ROOT}/Manifest.lock",
			);
			name = "[CP] Check Pods Manifest.lock";
			outputFileListPaths = (
			);
			outputPaths = (
				"$(DERIVED_FILE_DIR)/Pods-Game-checkManifestLockResult.txt",
			);
			runOnlyForDeploymentPostprocessing = 0;
			shellPath = /bin/sh;
			shellScript = "diff \"${PODS_PODFILE_DIR_PATH}/Podfile.lock\" \"${PODS_ROOT}/Manifest.lock\" > /dev/null\nif [ $? != 0 ] ; then\n    # print error to STDERR\n    echo \"error: The sandbox is not in sync with the Podfile.lock. Run 'pod install' or update your CocoaPods installation.\" >&2\n    exit 1\nfi\n# This output is used by Xcode 'outputs' to avoid re-running this script phase.\necho \"SUCCESS\" > \"${SCRIPT_OUTPUT_FILE_0}\"\n";
			showEnvVarsInLog = 0;
		};
		FBD563296816068F91AEA809 /* [CP] Embed Pods Frameworks */ = {
			isa = PBXShellScriptBuildPhase;
			buildActionMask = 2147483647;
			files = (
			);
			inputFileListPaths = (
				"${PODS_ROOT}/Target Support Files/Pods-Game/Pods-Game-frameworks-${CONFIGURATION}-input-files.xcfilelist",
			);
			name = "[CP] Embed Pods Frameworks";
			outputFileListPaths = (
				"${PODS_ROOT}/Target Support Files/Pods-Game/Pods-Game-frameworks-${CONFIGURATION}-output-files.xcfilelist",
			);
			runOnlyForDeploymentPostprocessing = 0;
			shellPath = /bin/sh;
			shellScript = "\"${PODS_ROOT}/Target Support Files/Pods-Game/Pods-Game-frameworks.sh\"\n";
			showEnvVarsInLog = 0;
		};
/* End PBXShellScriptBuildPhase section */

/* Begin PBXSourcesBuildPhase section */
		4952C31427A30049007A4A0A /* Sources */ = {
			isa = PBXSourcesBuildPhase;
			buildActionMask = 2147483647;
			files = (
				49F0D4AD27B314B10034B649 /* FirebaseService.swift in Sources */,
				192C244F27D8EC4B001FECA4 /* DateExtension.swift in Sources */,
				49DF2EAB27A6C891009A9EBA /* SignUpView.swift in Sources */,
				192C244627D7B275001FECA4 /* MathGameApp.swift in Sources */,
				192C244727D7B275001FECA4 /* AnswerButton.swift in Sources */,
				49DCC28B27AFC0E800BAE607 /* PlayWithComputer.swift in Sources */,
				192C245227D8EC4B001FECA4 /* ConteView.swift in Sources */,
				4952C31E27A30049007A4A0A /* ContentView.swift in Sources */,
				49DCC29127AFC5AB00BAE607 /* TicTackToeWithComputer.swift in Sources */,
				49DCC28727AEE38300BAE607 /* TypeOfGameOptionView.swift in Sources */,
				49DF2EA827A6C7DA009A9EBA /* SignupModelView.swift in Sources */,
				192C244E27D8EC4B001FECA4 /* AppUtils.swift in Sources */,
				1986407127DA0B5F005DE553 /* HomeView.swift in Sources */,
				49F0D4A827B30B4A0034B649 /* User.swift in Sources */,
				192C245027D8EC4B001FECA4 /* SceneDelegate.swift in Sources */,
				49DCC28D27AFC11200BAE607 /* PlayWithRandomUser.swift in Sources */,
				19C1A86327D76E0100EF40B3 /* PlayWithFriendViewModel.swift in Sources */,
				49DF2EB127A6CB41009A9EBA /* HomeVie.swift in Sources */,
				49F0D4AB27B313B50034B649 /* FirebaseReference.swift in Sources */,
				49DF2EB527A6CE2E009A9EBA /* AccountView.swift in Sources */,
				192C245127D8EC4B001FECA4 /* AppDelegate.swift in Sources */,
				495310A927B4603200280C87 /* AlertItem.swift in Sources */,
				49CF5EBA27B5A49E0086F698 /* UserViewModel.swift in Sources */,
				49DA90F627B6D346006BF558 /* FriendsList.swift in Sources */,
				49DCC29327AFDB7600BAE607 /* MultiPlayerViewModel.swift in Sources */,
				4952C31C27A30049007A4A0A /* GameApp.swift in Sources */,
				19C1A84527D7612800EF40B3 /* Play with Friend.swift in Sources */,
				49F0D4A627B2EE2C0034B649 /* Game.swift in Sources */,
				495310AB27B46D6D00280C87 /* Notification.swift in Sources */,
				192C244527D7B275001FECA4 /* ContenView.swift in Sources */,
				49DF2EAF27A6C96C009A9EBA /* SignInView.swift in Sources */,
				49DF2EB327A6CE14009A9EBA /* UsersListView.swift in Sources */,
			);
			runOnlyForDeploymentPostprocessing = 0;
		};
/* End PBXSourcesBuildPhase section */

/* Begin XCBuildConfiguration section */
		4952C32427A3004A007A4A0A /* Debug */ = {
			isa = XCBuildConfiguration;
			buildSettings = {
				ALWAYS_SEARCH_USER_PATHS = NO;
				CLANG_ANALYZER_NONNULL = YES;
				CLANG_ANALYZER_NUMBER_OBJECT_CONVERSION = YES_AGGRESSIVE;
				CLANG_CXX_LANGUAGE_STANDARD = "gnu++17";
				CLANG_CXX_LIBRARY = "libc++";
				CLANG_ENABLE_MODULES = YES;
				CLANG_ENABLE_OBJC_ARC = YES;
				CLANG_ENABLE_OBJC_WEAK = YES;
				CLANG_WARN_BLOCK_CAPTURE_AUTORELEASING = YES;
				CLANG_WARN_BOOL_CONVERSION = YES;
				CLANG_WARN_COMMA = YES;
				CLANG_WARN_CONSTANT_CONVERSION = YES;
				CLANG_WARN_DEPRECATED_OBJC_IMPLEMENTATIONS = YES;
				CLANG_WARN_DIRECT_OBJC_ISA_USAGE = YES_ERROR;
				CLANG_WARN_DOCUMENTATION_COMMENTS = YES;
				CLANG_WARN_EMPTY_BODY = YES;
				CLANG_WARN_ENUM_CONVERSION = YES;
				CLANG_WARN_INFINITE_RECURSION = YES;
				CLANG_WARN_INT_CONVERSION = YES;
				CLANG_WARN_NON_LITERAL_NULL_CONVERSION = YES;
				CLANG_WARN_OBJC_IMPLICIT_RETAIN_SELF = YES;
				CLANG_WARN_OBJC_LITERAL_CONVERSION = YES;
				CLANG_WARN_OBJC_ROOT_CLASS = YES_ERROR;
				CLANG_WARN_QUOTED_INCLUDE_IN_FRAMEWORK_HEADER = YES;
				CLANG_WARN_RANGE_LOOP_ANALYSIS = YES;
				CLANG_WARN_STRICT_PROTOTYPES = YES;
				CLANG_WARN_SUSPICIOUS_MOVE = YES;
				CLANG_WARN_UNGUARDED_AVAILABILITY = YES_AGGRESSIVE;
				CLANG_WARN_UNREACHABLE_CODE = YES;
				CLANG_WARN__DUPLICATE_METHOD_MATCH = YES;
				COPY_PHASE_STRIP = NO;
				DEBUG_INFORMATION_FORMAT = dwarf;
				ENABLE_STRICT_OBJC_MSGSEND = YES;
				ENABLE_TESTABILITY = YES;
				GCC_C_LANGUAGE_STANDARD = gnu11;
				GCC_DYNAMIC_NO_PIC = NO;
				GCC_NO_COMMON_BLOCKS = YES;
				GCC_OPTIMIZATION_LEVEL = 0;
				GCC_PREPROCESSOR_DEFINITIONS = (
					"DEBUG=1",
					"$(inherited)",
				);
				GCC_WARN_64_TO_32_BIT_CONVERSION = YES;
				GCC_WARN_ABOUT_RETURN_TYPE = YES_ERROR;
				GCC_WARN_UNDECLARED_SELECTOR = YES;
				GCC_WARN_UNINITIALIZED_AUTOS = YES_AGGRESSIVE;
				GCC_WARN_UNUSED_FUNCTION = YES;
				GCC_WARN_UNUSED_VARIABLE = YES;
				IPHONEOS_DEPLOYMENT_TARGET = 15.0;
				MTL_ENABLE_DEBUG_INFO = INCLUDE_SOURCE;
				MTL_FAST_MATH = YES;
				ONLY_ACTIVE_ARCH = YES;
				SDKROOT = iphoneos;
				SWIFT_ACTIVE_COMPILATION_CONDITIONS = DEBUG;
				SWIFT_OPTIMIZATION_LEVEL = "-Onone";
			};
			name = Debug;
		};
		4952C32527A3004A007A4A0A /* Release */ = {
			isa = XCBuildConfiguration;
			buildSettings = {
				ALWAYS_SEARCH_USER_PATHS = NO;
				CLANG_ANALYZER_NONNULL = YES;
				CLANG_ANALYZER_NUMBER_OBJECT_CONVERSION = YES_AGGRESSIVE;
				CLANG_CXX_LANGUAGE_STANDARD = "gnu++17";
				CLANG_CXX_LIBRARY = "libc++";
				CLANG_ENABLE_MODULES = YES;
				CLANG_ENABLE_OBJC_ARC = YES;
				CLANG_ENABLE_OBJC_WEAK = YES;
				CLANG_WARN_BLOCK_CAPTURE_AUTORELEASING = YES;
				CLANG_WARN_BOOL_CONVERSION = YES;
				CLANG_WARN_COMMA = YES;
				CLANG_WARN_CONSTANT_CONVERSION = YES;
				CLANG_WARN_DEPRECATED_OBJC_IMPLEMENTATIONS = YES;
				CLANG_WARN_DIRECT_OBJC_ISA_USAGE = YES_ERROR;
				CLANG_WARN_DOCUMENTATION_COMMENTS = YES;
				CLANG_WARN_EMPTY_BODY = YES;
				CLANG_WARN_ENUM_CONVERSION = YES;
				CLANG_WARN_INFINITE_RECURSION = YES;
				CLANG_WARN_INT_CONVERSION = YES;
				CLANG_WARN_NON_LITERAL_NULL_CONVERSION = YES;
				CLANG_WARN_OBJC_IMPLICIT_RETAIN_SELF = YES;
				CLANG_WARN_OBJC_LITERAL_CONVERSION = YES;
				CLANG_WARN_OBJC_ROOT_CLASS = YES_ERROR;
				CLANG_WARN_QUOTED_INCLUDE_IN_FRAMEWORK_HEADER = YES;
				CLANG_WARN_RANGE_LOOP_ANALYSIS = YES;
				CLANG_WARN_STRICT_PROTOTYPES = YES;
				CLANG_WARN_SUSPICIOUS_MOVE = YES;
				CLANG_WARN_UNGUARDED_AVAILABILITY = YES_AGGRESSIVE;
				CLANG_WARN_UNREACHABLE_CODE = YES;
				CLANG_WARN__DUPLICATE_METHOD_MATCH = YES;
				COPY_PHASE_STRIP = NO;
				DEBUG_INFORMATION_FORMAT = "dwarf-with-dsym";
				ENABLE_NS_ASSERTIONS = NO;
				ENABLE_STRICT_OBJC_MSGSEND = YES;
				GCC_C_LANGUAGE_STANDARD = gnu11;
				GCC_NO_COMMON_BLOCKS = YES;
				GCC_WARN_64_TO_32_BIT_CONVERSION = YES;
				GCC_WARN_ABOUT_RETURN_TYPE = YES_ERROR;
				GCC_WARN_UNDECLARED_SELECTOR = YES;
				GCC_WARN_UNINITIALIZED_AUTOS = YES_AGGRESSIVE;
				GCC_WARN_UNUSED_FUNCTION = YES;
				GCC_WARN_UNUSED_VARIABLE = YES;
				IPHONEOS_DEPLOYMENT_TARGET = 15.0;
				MTL_ENABLE_DEBUG_INFO = NO;
				MTL_FAST_MATH = YES;
				SDKROOT = iphoneos;
				SWIFT_COMPILATION_MODE = wholemodule;
				SWIFT_OPTIMIZATION_LEVEL = "-O";
				VALIDATE_PRODUCT = YES;
			};
			name = Release;
		};
		4952C32727A3004A007A4A0A /* Debug */ = {
			isa = XCBuildConfiguration;
			baseConfigurationReference = 6ED2B3373E063E10F25540EA /* Pods-Game.debug.xcconfig */;
			buildSettings = {
				ASSETCATALOG_COMPILER_APPICON_NAME = AppIcon;
				ASSETCATALOG_COMPILER_GLOBAL_ACCENT_COLOR_NAME = AccentColor;
				ASSETCATALOG_COMPILER_INCLUDE_ALL_APPICON_ASSETS = YES;
				CODE_SIGN_STYLE = Automatic;
				CURRENT_PROJECT_VERSION = 1;
				DEVELOPMENT_ASSET_PATHS = "\"Game/Preview Content\"";
				DEVELOPMENT_TEAM = "";
				ENABLE_PREVIEWS = YES;
				GENERATE_INFOPLIST_FILE = YES;
				INFOPLIST_KEY_UIApplicationSceneManifest_Generation = YES;
				INFOPLIST_KEY_UIApplicationSupportsIndirectInputEvents = YES;
				INFOPLIST_KEY_UILaunchScreen_Generation = YES;
				INFOPLIST_KEY_UILaunchStoryboardName = Launch;
				INFOPLIST_KEY_UISupportedInterfaceOrientations_iPad = "UIInterfaceOrientationPortrait UIInterfaceOrientationPortraitUpsideDown UIInterfaceOrientationLandscapeLeft UIInterfaceOrientationLandscapeRight";
				INFOPLIST_KEY_UISupportedInterfaceOrientations_iPhone = "UIInterfaceOrientationPortrait UIInterfaceOrientationLandscapeLeft UIInterfaceOrientationLandscapeRight";
				LD_RUNPATH_SEARCH_PATHS = (
					"$(inherited)",
					"@executable_path/Frameworks",
				);
				MARKETING_VERSION = 1.0;
				PRODUCT_BUNDLE_IDENTIFIER = com.minte.Game;
				PRODUCT_NAME = "$(TARGET_NAME)";
				SWIFT_EMIT_LOC_STRINGS = YES;
				SWIFT_VERSION = 5.0;
				TARGETED_DEVICE_FAMILY = "1,2";
			};
			name = Debug;
		};
		4952C32827A3004A007A4A0A /* Release */ = {
			isa = XCBuildConfiguration;
			baseConfigurationReference = E7F3AE5FE76B1D70889F3650 /* Pods-Game.release.xcconfig */;
			buildSettings = {
				ASSETCATALOG_COMPILER_APPICON_NAME = AppIcon;
				ASSETCATALOG_COMPILER_GLOBAL_ACCENT_COLOR_NAME = AccentColor;
				ASSETCATALOG_COMPILER_INCLUDE_ALL_APPICON_ASSETS = YES;
				CODE_SIGN_STYLE = Automatic;
				CURRENT_PROJECT_VERSION = 1;
				DEVELOPMENT_ASSET_PATHS = "\"Game/Preview Content\"";
				DEVELOPMENT_TEAM = "";
				ENABLE_PREVIEWS = YES;
				GENERATE_INFOPLIST_FILE = YES;
				INFOPLIST_KEY_UIApplicationSceneManifest_Generation = YES;
				INFOPLIST_KEY_UIApplicationSupportsIndirectInputEvents = YES;
				INFOPLIST_KEY_UILaunchScreen_Generation = YES;
				INFOPLIST_KEY_UILaunchStoryboardName = Launch;
				INFOPLIST_KEY_UISupportedInterfaceOrientations_iPad = "UIInterfaceOrientationPortrait UIInterfaceOrientationPortraitUpsideDown UIInterfaceOrientationLandscapeLeft UIInterfaceOrientationLandscapeRight";
				INFOPLIST_KEY_UISupportedInterfaceOrientations_iPhone = "UIInterfaceOrientationPortrait UIInterfaceOrientationLandscapeLeft UIInterfaceOrientationLandscapeRight";
				LD_RUNPATH_SEARCH_PATHS = (
					"$(inherited)",
					"@executable_path/Frameworks",
				);
				MARKETING_VERSION = 1.0;
				PRODUCT_BUNDLE_IDENTIFIER = com.minte.Game;
				PRODUCT_NAME = "$(TARGET_NAME)";
				SWIFT_EMIT_LOC_STRINGS = YES;
				SWIFT_VERSION = 5.0;
				TARGETED_DEVICE_FAMILY = "1,2";
			};
			name = Release;
		};
/* End XCBuildConfiguration section */

/* Begin XCConfigurationList section */
		4952C31327A30049007A4A0A /* Build configuration list for PBXProject "Game" */ = {
			isa = XCConfigurationList;
			buildConfigurations = (
				4952C32427A3004A007A4A0A /* Debug */,
				4952C32527A3004A007A4A0A /* Release */,
			);
			defaultConfigurationIsVisible = 0;
			defaultConfigurationName = Release;
		};
		4952C32627A3004A007A4A0A /* Build configuration list for PBXNativeTarget "Game" */ = {
			isa = XCConfigurationList;
			buildConfigurations = (
				4952C32727A3004A007A4A0A /* Debug */,
				4952C32827A3004A007A4A0A /* Release */,
			);
			defaultConfigurationIsVisible = 0;
			defaultConfigurationName = Release;
		};
/* End XCConfigurationList section */
	};
	rootObject = 4952C31027A30049007A4A0A /* Project object */;
}
